# This file was autogenerated by Stack.
# You should not edit this file by hand.
# For more information, please see the documentation at:
#   https://docs.haskellstack.org/en/stable/lock_files

packages:
- completed:
    hackage: orthotope-0.1.6.0@sha256:9613cbcb6ff90f326cf47270d466b1c75332a131fa3b66a3b1be9b1eff0e3131,3401
    pantry-tree:
      sha256: a579179f5de72809caadb8f599f8a3c3a23a69dfb0a7f91cb97f271dd216c613
      size: 2742
  original:
    hackage: orthotope-0.1.6.0
- completed:
    hackage: orthotope-hmatrix-0.1.2.0@sha256:599e7c9328cafc54838af8aab12f3a44f832b90dfa497d30d79eb561c59e1858,1148
    pantry-tree:
      sha256: 3627532bb2489ccc8b36207b6858a77418ee9121b23e79ffe8c822f13145b052
      size: 691
  original:
    hackage: orthotope-hmatrix-0.1.2.0
- completed:
    hackage: fin-0.3@sha256:aea5c07df40d1130a125a631799241f55b06a1791ea1be5ecfc6713a2367b1ac,3999
    pantry-tree:
      sha256: 599e300cdcc2e6b038f42c7e98dda4c980bc8db7b300d6c117b3fa659fea5b75
      size: 652
  original:
    hackage: fin-0.3
- completed:
    hackage: containers-0.6.7@sha256:4aad61c33b21e453e5d18a465e674898fded282f233ffd154b48acc540c89537,2655
    pantry-tree:
      sha256: d3430bcc4beafe609d6c5cd4a607549ee4ffe0eafc2ebb9c87b5e7b1b20b24d8
      size: 2902
  original:
    hackage: containers-0.6.7
- completed:
    hackage: mtl-2.2.2@sha256:1050fb71acd9f5d67da7d992583f5bd0eb14407b9dc7acc122af1b738b706ca3,2261
    pantry-tree:
      sha256: b8bdc2259e2f943a7252fb164805666fe108ac959d398e0af27b43ba2ebc241c
      size: 1713
  original:
    hackage: mtl-2.2.2
- completed:
    hackage: recursion-schemes-5.2.2.5@sha256:d5bd3362afa6fa234c3ee99fec8a61d3598fa055fb3e09f444351b93d3781c16,3763
    pantry-tree:
      sha256: da27aa2a7dc6cac71f7df500bbffed5ff58ed0a61ac94602af47d7f5e756b5d5
      size: 747
  original:
    hackage: recursion-schemes-5.2.2.5
- completed:
    hackage: data-fix-0.3.2@sha256:cd7d6ff8b68aca3b51d8116870fc8ccdbc557989562cd3d5c941e4f0b7bc5af1,1734
    pantry-tree:
      sha256: 39ea2bb3ace2b61bf72e7df77948f7fccc67c70d12a11e35dd20744eec5dd0bf
      size: 262
  original:
    hackage: data-fix-0.3.2
- completed:
    hackage: deriving-compat-0.6.5@sha256:21457d9b8f1cb3797886eb8fa4777273d593326eb130119c0a598e54ccd97324,9527
    pantry-tree:
      sha256: 3cb420ff1818bff4c14a97af801cf667738db65347be9f87b16b86065c4959ce
      size: 2635
  original:
    hackage: deriving-compat-0.6.5
- completed:
    hackage: pretty-1.1.3.6@sha256:e16ffc733e816cfc09e99cc7f2398805f1f4c872d238a6b81668b5527284b382,2482
    pantry-tree:
      sha256: 9f62289797600d7121862309c306a3b495f872dccfe3d5c4bdeaf85d5ad12dd7
      size: 1308
  original:
    hackage: pretty-1.1.3.6
- completed:
    hackage: lens-5.2.3@sha256:637287c76adff383063b3206a4213640de1a74839ec16008cc71b5b407f7d05e,15237
    pantry-tree:
      sha256: 2a69ee338ef79da9aaa0d406f8307b11e3b8f969aa8fc28e46ca250c1f6ef40d
      size: 8351
  original:
    hackage: lens-5.2.3
- completed:
    hackage: QuickCheck-2.14.3@sha256:f03d2f404d5ba465453d0fbc1944832789a759fe7c4f9bf8616bc1378a02fde4,7847
    pantry-tree:
      sha256: e920d61bcc10ef2aee0cc3e2a216d05b8491564ad27c1c5e2fbbb221b00b7f8e
      size: 2315
  original:
    hackage: QuickCheck-2.14.3
- completed:
    hackage: generic-arbitrary-1.0.1@sha256:677fca5829b5691e3527bcfe8499300c393ec5d10ec2d4cffe8e63a1ca647c0b,3459
    pantry-tree:
      sha256: 38783a7c474443404b797d9acbf1dfe3fd9afdd193eea4c42e26d9d82b2b3c39
      size: 702
  original:
    hackage: generic-arbitrary-1.0.1
snapshots:
- completed:
    sha256: 8809197159ce65ec2d66f91982e4844ad0c2cbd1126df42146dd103c0ea6cac0
    size: 640063
    url: https://raw.githubusercontent.com/commercialhaskell/stackage-snapshots/master/lts/21/23.yaml
  original:
    url: https://raw.githubusercontent.com/commercialhaskell/stackage-snapshots/master/lts/21/23.yaml
